<?xml version="1.0" encoding="utf-8"?>
<Project ToolsVersion="4.0" xmlns="http://schemas.microsoft.com/developer/msbuild/2003">
  <ItemGroup>
    <ClCompile Include="entry_point.cpp" />
    <ClCompile Include="Device.cpp">
      <Filter>Device</Filter>
    </ClCompile>
    <ClCompile Include="DeviceRasterization.cpp">
      <Filter>Device</Filter>
    </ClCompile>
    <ClCompile Include="DeviceTiledRendering.cpp">
      <Filter>Device</Filter>
    </ClCompile>
  </ItemGroup>
  <ItemGroup>
    <ClInclude Include="Device.h">
      <Filter>Device</Filter>
    </ClInclude>
    <ClInclude Include="DepthBuffer.h">
      <Filter>Resources</Filter>
    </ClInclude>
    <ClInclude Include="FrameBuffer.h">
      <Filter>Resources</Filter>
    </ClInclude>
    <ClInclude Include="RenderTargetInterface.h">
      <Filter>Resources</Filter>
    </ClInclude>
    <ClInclude Include="RenderTargetTexture.h">
      <Filter>Resources</Filter>
    </ClInclude>
    <ClInclude Include="Texture.h">
      <Filter>Resources</Filter>
    </ClInclude>
    <ClInclude Include="Types.h">
      <Filter>Resources</Filter>
    </ClInclude>
    <ClInclude Include="MicroMath.h">
      <Filter>Math</Filter>
    </ClInclude>
    <ClInclude Include="ThreadPool.h">
      <Filter>Multithreading</Filter>
    </ClInclude>
  </ItemGroup>
  <ItemGroup>
    <Filter Include="Device">
      <UniqueIdentifier>{5a1dd795-3786-4c04-baf2-41fb4c2ddf71}</UniqueIdentifier>
    </Filter>
    <Filter Include="Resources">
      <UniqueIdentifier>{65862a75-c62f-40e2-949e-8a5daf377682}</UniqueIdentifier>
    </Filter>
    <Filter Include="Math">
      <UniqueIdentifier>{924e3665-d927-40f9-984d-e4863b2bc9d9}</UniqueIdentifier>
    </Filter>
    <Filter Include="Multithreading">
      <UniqueIdentifier>{1232e33e-b204-45d6-ac1b-d2b7baf7defd}</UniqueIdentifier>
    </Filter>
  </ItemGroup>
</Project>